// !$*UTF8*$!
{
	archiveVersion = 1;
	classes = {
	};
	objectVersion = 56;
	objects = {

/* Begin PBXBuildFile section */
		8B53D0722B70FAD000E84948 /* HomePresenter.swift in Sources */ = {isa = PBXBuildFile; fileRef = 8B53D0712B70FAD000E84948 /* HomePresenter.swift */; };
		8B53D0742B746E4F00E84948 /* ErrorModel.swift in Sources */ = {isa = PBXBuildFile; fileRef = 8B53D0732B746E4F00E84948 /* ErrorModel.swift */; };
		8B570D472B75F60C00560FB7 /* RestaurantDetailViewController.swift in Sources */ = {isa = PBXBuildFile; fileRef = 8B570D462B75F60C00560FB7 /* RestaurantDetailViewController.swift */; };
		8B570D492B75F6B700560FB7 /* RestaurantDetail.storyboard in Resources */ = {isa = PBXBuildFile; fileRef = 8B570D482B75F6B700560FB7 /* RestaurantDetail.storyboard */; };
		8B8271C62B7E177500D68B6E /* SearchResultViewController.swift in Sources */ = {isa = PBXBuildFile; fileRef = 8B8271C52B7E177500D68B6E /* SearchResultViewController.swift */; };
		8B8271CB2B7EE57500D68B6E /* ShowImage.swift in Sources */ = {isa = PBXBuildFile; fileRef = 8B8271CA2B7EE57500D68B6E /* ShowImage.swift */; };
		8B8F02832B7074EC0066A4C5 /* RecommendCollectionViewCell.swift in Sources */ = {isa = PBXBuildFile; fileRef = 8B8F02812B7074EC0066A4C5 /* RecommendCollectionViewCell.swift */; };
		8B8F02842B7074EC0066A4C5 /* RecommendCollectionViewCell.xib in Resources */ = {isa = PBXBuildFile; fileRef = 8B8F02822B7074EC0066A4C5 /* RecommendCollectionViewCell.xib */; };
		8B8F02872B7096D70066A4C5 /* APIClient.swift in Sources */ = {isa = PBXBuildFile; fileRef = 8B8F02862B7096D70066A4C5 /* APIClient.swift */; };
		8B8F02892B70C3C50066A4C5 /* RestaurantDataModel.swift in Sources */ = {isa = PBXBuildFile; fileRef = 8B8F02882B70C3C50066A4C5 /* RestaurantDataModel.swift */; };
		8BCCA7002B7B732E008EB872 /* SearchViewController.swift in Sources */ = {isa = PBXBuildFile; fileRef = 8BCCA6FF2B7B732D008EB872 /* SearchViewController.swift */; };
		8BCCA7022B7B7360008EB872 /* SearchResultPresenter.swift in Sources */ = {isa = PBXBuildFile; fileRef = 8BCCA7012B7B7360008EB872 /* SearchResultPresenter.swift */; };
		8BCCA7052B7C35CF008EB872 /* GenreCollectionViewCell.swift in Sources */ = {isa = PBXBuildFile; fileRef = 8BCCA7032B7C35CF008EB872 /* GenreCollectionViewCell.swift */; };
		8BCCA7062B7C35CF008EB872 /* GenreCollectionViewCell.xib in Resources */ = {isa = PBXBuildFile; fileRef = 8BCCA7042B7C35CF008EB872 /* GenreCollectionViewCell.xib */; };
		8BD7CF042B6DEAEB00E0687D /* AppDelegate.swift in Sources */ = {isa = PBXBuildFile; fileRef = 8BD7CF032B6DEAEB00E0687D /* AppDelegate.swift */; };
		8BD7CF062B6DEAEB00E0687D /* SceneDelegate.swift in Sources */ = {isa = PBXBuildFile; fileRef = 8BD7CF052B6DEAEB00E0687D /* SceneDelegate.swift */; };
		8BD7CF082B6DEAEB00E0687D /* HomeViewController.swift in Sources */ = {isa = PBXBuildFile; fileRef = 8BD7CF072B6DEAEB00E0687D /* HomeViewController.swift */; };
		8BD7CF0B2B6DEAEB00E0687D /* Main.storyboard in Resources */ = {isa = PBXBuildFile; fileRef = 8BD7CF092B6DEAEB00E0687D /* Main.storyboard */; };
		8BD7CF0D2B6DEAEC00E0687D /* Assets.xcassets in Resources */ = {isa = PBXBuildFile; fileRef = 8BD7CF0C2B6DEAEC00E0687D /* Assets.xcassets */; };
		8BD7CF102B6DEAEC00E0687D /* LaunchScreen.storyboard in Resources */ = {isa = PBXBuildFile; fileRef = 8BD7CF0E2B6DEAEC00E0687D /* LaunchScreen.storyboard */; };
		8BD7CF1B2B6DEAEC00E0687D /* GourmetAppTests.swift in Sources */ = {isa = PBXBuildFile; fileRef = 8BD7CF1A2B6DEAEC00E0687D /* GourmetAppTests.swift */; };
		8BD7CF252B6DEAEC00E0687D /* GourmetAppUITests.swift in Sources */ = {isa = PBXBuildFile; fileRef = 8BD7CF242B6DEAEC00E0687D /* GourmetAppUITests.swift */; };
		8BD7CF272B6DEAEC00E0687D /* GourmetAppUITestsLaunchTests.swift in Sources */ = {isa = PBXBuildFile; fileRef = 8BD7CF262B6DEAEC00E0687D /* GourmetAppUITestsLaunchTests.swift */; };
/* End PBXBuildFile section */

/* Begin PBXContainerItemProxy section */
		8BD7CF172B6DEAEC00E0687D /* PBXContainerItemProxy */ = {
			isa = PBXContainerItemProxy;
			containerPortal = 8BD7CEF82B6DEAEB00E0687D /* Project object */;
			proxyType = 1;
			remoteGlobalIDString = 8BD7CEFF2B6DEAEB00E0687D;
			remoteInfo = GourmetApp;
		};
		8BD7CF212B6DEAEC00E0687D /* PBXContainerItemProxy */ = {
			isa = PBXContainerItemProxy;
			containerPortal = 8BD7CEF82B6DEAEB00E0687D /* Project object */;
			proxyType = 1;
			remoteGlobalIDString = 8BD7CEFF2B6DEAEB00E0687D;
			remoteInfo = GourmetApp;
		};
/* End PBXContainerItemProxy section */

/* Begin PBXFileReference section */
		8B53D0712B70FAD000E84948 /* HomePresenter.swift */ = {isa = PBXFileReference; lastKnownFileType = sourcecode.swift; path = HomePresenter.swift; sourceTree = "<group>"; };
		8B53D0732B746E4F00E84948 /* ErrorModel.swift */ = {isa = PBXFileReference; lastKnownFileType = sourcecode.swift; path = ErrorModel.swift; sourceTree = "<group>"; };
		8B570D462B75F60C00560FB7 /* RestaurantDetailViewController.swift */ = {isa = PBXFileReference; lastKnownFileType = sourcecode.swift; path = RestaurantDetailViewController.swift; sourceTree = "<group>"; };
		8B570D482B75F6B700560FB7 /* RestaurantDetail.storyboard */ = {isa = PBXFileReference; lastKnownFileType = file.storyboard; path = RestaurantDetail.storyboard; sourceTree = "<group>"; };
		8B8271C52B7E177500D68B6E /* SearchResultViewController.swift */ = {isa = PBXFileReference; lastKnownFileType = sourcecode.swift; path = SearchResultViewController.swift; sourceTree = "<group>"; };
		8B8271CA2B7EE57500D68B6E /* ShowImage.swift */ = {isa = PBXFileReference; lastKnownFileType = sourcecode.swift; path = ShowImage.swift; sourceTree = "<group>"; };
		8B8F02812B7074EC0066A4C5 /* RecommendCollectionViewCell.swift */ = {isa = PBXFileReference; lastKnownFileType = sourcecode.swift; path = RecommendCollectionViewCell.swift; sourceTree = "<group>"; };
		8B8F02822B7074EC0066A4C5 /* RecommendCollectionViewCell.xib */ = {isa = PBXFileReference; lastKnownFileType = file.xib; path = RecommendCollectionViewCell.xib; sourceTree = "<group>"; };
		8B8F02862B7096D70066A4C5 /* APIClient.swift */ = {isa = PBXFileReference; lastKnownFileType = sourcecode.swift; path = APIClient.swift; sourceTree = "<group>"; };
		8B8F02882B70C3C50066A4C5 /* RestaurantDataModel.swift */ = {isa = PBXFileReference; lastKnownFileType = sourcecode.swift; path = RestaurantDataModel.swift; sourceTree = "<group>"; };
		8BCCA6FF2B7B732D008EB872 /* SearchViewController.swift */ = {isa = PBXFileReference; lastKnownFileType = sourcecode.swift; path = SearchViewController.swift; sourceTree = "<group>"; };
		8BCCA7012B7B7360008EB872 /* SearchResultPresenter.swift */ = {isa = PBXFileReference; lastKnownFileType = sourcecode.swift; path = SearchResultPresenter.swift; sourceTree = "<group>"; };
		8BCCA7032B7C35CF008EB872 /* GenreCollectionViewCell.swift */ = {isa = PBXFileReference; lastKnownFileType = sourcecode.swift; path = GenreCollectionViewCell.swift; sourceTree = "<group>"; };
		8BCCA7042B7C35CF008EB872 /* GenreCollectionViewCell.xib */ = {isa = PBXFileReference; lastKnownFileType = file.xib; path = GenreCollectionViewCell.xib; sourceTree = "<group>"; };
		8BD7CF002B6DEAEB00E0687D /* GourmetApp.app */ = {isa = PBXFileReference; explicitFileType = wrapper.application; includeInIndex = 0; path = GourmetApp.app; sourceTree = BUILT_PRODUCTS_DIR; };
		8BD7CF032B6DEAEB00E0687D /* AppDelegate.swift */ = {isa = PBXFileReference; lastKnownFileType = sourcecode.swift; path = AppDelegate.swift; sourceTree = "<group>"; };
		8BD7CF052B6DEAEB00E0687D /* SceneDelegate.swift */ = {isa = PBXFileReference; lastKnownFileType = sourcecode.swift; path = SceneDelegate.swift; sourceTree = "<group>"; };
		8BD7CF072B6DEAEB00E0687D /* HomeViewController.swift */ = {isa = PBXFileReference; lastKnownFileType = sourcecode.swift; path = HomeViewController.swift; sourceTree = "<group>"; };
		8BD7CF0A2B6DEAEB00E0687D /* Base */ = {isa = PBXFileReference; lastKnownFileType = file.storyboard; name = Base; path = Base.lproj/Main.storyboard; sourceTree = "<group>"; };
		8BD7CF0C2B6DEAEC00E0687D /* Assets.xcassets */ = {isa = PBXFileReference; lastKnownFileType = folder.assetcatalog; path = Assets.xcassets; sourceTree = "<group>"; };
		8BD7CF0F2B6DEAEC00E0687D /* Base */ = {isa = PBXFileReference; lastKnownFileType = file.storyboard; name = Base; path = Base.lproj/LaunchScreen.storyboard; sourceTree = "<group>"; };
		8BD7CF112B6DEAEC00E0687D /* Info.plist */ = {isa = PBXFileReference; lastKnownFileType = text.plist.xml; path = Info.plist; sourceTree = "<group>"; };
		8BD7CF162B6DEAEC00E0687D /* GourmetAppTests.xctest */ = {isa = PBXFileReference; explicitFileType = wrapper.cfbundle; includeInIndex = 0; path = GourmetAppTests.xctest; sourceTree = BUILT_PRODUCTS_DIR; };
		8BD7CF1A2B6DEAEC00E0687D /* GourmetAppTests.swift */ = {isa = PBXFileReference; lastKnownFileType = sourcecode.swift; path = GourmetAppTests.swift; sourceTree = "<group>"; };
		8BD7CF202B6DEAEC00E0687D /* GourmetAppUITests.xctest */ = {isa = PBXFileReference; explicitFileType = wrapper.cfbundle; includeInIndex = 0; path = GourmetAppUITests.xctest; sourceTree = BUILT_PRODUCTS_DIR; };
		8BD7CF242B6DEAEC00E0687D /* GourmetAppUITests.swift */ = {isa = PBXFileReference; lastKnownFileType = sourcecode.swift; path = GourmetAppUITests.swift; sourceTree = "<group>"; };
		8BD7CF262B6DEAEC00E0687D /* GourmetAppUITestsLaunchTests.swift */ = {isa = PBXFileReference; lastKnownFileType = sourcecode.swift; path = GourmetAppUITestsLaunchTests.swift; sourceTree = "<group>"; };
/* End PBXFileReference section */

/* Begin PBXFrameworksBuildPhase section */
		8BD7CEFD2B6DEAEB00E0687D /* Frameworks */ = {
			isa = PBXFrameworksBuildPhase;
			buildActionMask = 2147483647;
			files = (
			);
			runOnlyForDeploymentPostprocessing = 0;
		};
		8BD7CF132B6DEAEC00E0687D /* Frameworks */ = {
			isa = PBXFrameworksBuildPhase;
			buildActionMask = 2147483647;
			files = (
			);
			runOnlyForDeploymentPostprocessing = 0;
		};
		8BD7CF1D2B6DEAEC00E0687D /* Frameworks */ = {
			isa = PBXFrameworksBuildPhase;
			buildActionMask = 2147483647;
			files = (
			);
			runOnlyForDeploymentPostprocessing = 0;
		};
/* End PBXFrameworksBuildPhase section */

/* Begin PBXGroup section */
		8B53D0702B70FA5700E84948 /* Presenter */ = {
			isa = PBXGroup;
			children = (
				8B53D0712B70FAD000E84948 /* HomePresenter.swift */,
				8BCCA7012B7B7360008EB872 /* SearchResultPresenter.swift */,
			);
			path = Presenter;
			sourceTree = "<group>";
		};
		8B8271C92B7EE55600D68B6E /* Logic */ = {
			isa = PBXGroup;
			children = (
				8B8271CA2B7EE57500D68B6E /* ShowImage.swift */,
			);
			path = Logic;
			sourceTree = "<group>";
		};
		8B8F02782B7064290066A4C5 /* View */ = {
			isa = PBXGroup;
			children = (
				8B8F027A2B7064500066A4C5 /* ViewController */,
				8B8F02802B7073ED0066A4C5 /* CollectionViewCell */,
			);
			path = View;
			sourceTree = "<group>";
		};
		8B8F02792B7064360066A4C5 /* Storyboard */ = {
			isa = PBXGroup;
			children = (
				8BD7CF092B6DEAEB00E0687D /* Main.storyboard */,
				8B570D482B75F6B700560FB7 /* RestaurantDetail.storyboard */,
			);
			path = Storyboard;
			sourceTree = "<group>";
		};
		8B8F027A2B7064500066A4C5 /* ViewController */ = {
			isa = PBXGroup;
			children = (
				8BD7CF072B6DEAEB00E0687D /* HomeViewController.swift */,
				8BCCA6FF2B7B732D008EB872 /* SearchViewController.swift */,
				8B8271C52B7E177500D68B6E /* SearchResultViewController.swift */,
				8B570D462B75F60C00560FB7 /* RestaurantDetailViewController.swift */,
				8B8271C92B7EE55600D68B6E /* Logic */,
				8B8F02792B7064360066A4C5 /* Storyboard */,
			);
			path = ViewController;
			sourceTree = "<group>";
		};
		8B8F02802B7073ED0066A4C5 /* CollectionViewCell */ = {
			isa = PBXGroup;
			children = (
				8B8F02812B7074EC0066A4C5 /* RecommendCollectionViewCell.swift */,
				8BCCA7032B7C35CF008EB872 /* GenreCollectionViewCell.swift */,
				8B8F02822B7074EC0066A4C5 /* RecommendCollectionViewCell.xib */,
				8BCCA7042B7C35CF008EB872 /* GenreCollectionViewCell.xib */,
			);
			path = CollectionViewCell;
			sourceTree = "<group>";
		};
		8B8F02852B7089FB0066A4C5 /* Model */ = {
			isa = PBXGroup;
			children = (
				8B8F02862B7096D70066A4C5 /* APIClient.swift */,
				8B8F02882B70C3C50066A4C5 /* RestaurantDataModel.swift */,
				8B53D0732B746E4F00E84948 /* ErrorModel.swift */,
			);
			path = Model;
			sourceTree = "<group>";
		};
		8BD7CEF72B6DEAEB00E0687D = {
			isa = PBXGroup;
			children = (
				8BD7CF022B6DEAEB00E0687D /* GourmetApp */,
				8BD7CF192B6DEAEC00E0687D /* GourmetAppTests */,
				8BD7CF232B6DEAEC00E0687D /* GourmetAppUITests */,
				8BD7CF012B6DEAEB00E0687D /* Products */,
			);
			sourceTree = "<group>";
		};
		8BD7CF012B6DEAEB00E0687D /* Products */ = {
			isa = PBXGroup;
			children = (
				8BD7CF002B6DEAEB00E0687D /* GourmetApp.app */,
				8BD7CF162B6DEAEC00E0687D /* GourmetAppTests.xctest */,
				8BD7CF202B6DEAEC00E0687D /* GourmetAppUITests.xctest */,
			);
			name = Products;
			sourceTree = "<group>";
		};
		8BD7CF022B6DEAEB00E0687D /* GourmetApp */ = {
			isa = PBXGroup;
			children = (
				8BD7CF032B6DEAEB00E0687D /* AppDelegate.swift */,
				8BD7CF052B6DEAEB00E0687D /* SceneDelegate.swift */,
				8B53D0702B70FA5700E84948 /* Presenter */,
				8B8F02782B7064290066A4C5 /* View */,
				8B8F02852B7089FB0066A4C5 /* Model */,
				8BD7CF0C2B6DEAEC00E0687D /* Assets.xcassets */,
				8BD7CF0E2B6DEAEC00E0687D /* LaunchScreen.storyboard */,
				8BD7CF112B6DEAEC00E0687D /* Info.plist */,
			);
			path = GourmetApp;
			sourceTree = "<group>";
		};
		8BD7CF192B6DEAEC00E0687D /* GourmetAppTests */ = {
			isa = PBXGroup;
			children = (
				8BD7CF1A2B6DEAEC00E0687D /* GourmetAppTests.swift */,
			);
			path = GourmetAppTests;
			sourceTree = "<group>";
		};
		8BD7CF232B6DEAEC00E0687D /* GourmetAppUITests */ = {
			isa = PBXGroup;
			children = (
				8BD7CF242B6DEAEC00E0687D /* GourmetAppUITests.swift */,
				8BD7CF262B6DEAEC00E0687D /* GourmetAppUITestsLaunchTests.swift */,
			);
			path = GourmetAppUITests;
			sourceTree = "<group>";
		};
/* End PBXGroup section */

/* Begin PBXNativeTarget section */
		8BD7CEFF2B6DEAEB00E0687D /* GourmetApp */ = {
			isa = PBXNativeTarget;
			buildConfigurationList = 8BD7CF2A2B6DEAEC00E0687D /* Build configuration list for PBXNativeTarget "GourmetApp" */;
			buildPhases = (
				8BD7CEFC2B6DEAEB00E0687D /* Sources */,
				8BD7CEFD2B6DEAEB00E0687D /* Frameworks */,
				8BD7CEFE2B6DEAEB00E0687D /* Resources */,
			);
			buildRules = (
			);
			dependencies = (
			);
			name = GourmetApp;
			packageProductDependencies = (
			);
			productName = GourmetApp;
			productReference = 8BD7CF002B6DEAEB00E0687D /* GourmetApp.app */;
			productType = "com.apple.product-type.application";
		};
		8BD7CF152B6DEAEC00E0687D /* GourmetAppTests */ = {
			isa = PBXNativeTarget;
			buildConfigurationList = 8BD7CF2D2B6DEAEC00E0687D /* Build configuration list for PBXNativeTarget "GourmetAppTests" */;
			buildPhases = (
				8BD7CF122B6DEAEC00E0687D /* Sources */,
				8BD7CF132B6DEAEC00E0687D /* Frameworks */,
				8BD7CF142B6DEAEC00E0687D /* Resources */,
			);
			buildRules = (
			);
			dependencies = (
				8BD7CF182B6DEAEC00E0687D /* PBXTargetDependency */,
			);
			name = GourmetAppTests;
			productName = GourmetAppTests;
			productReference = 8BD7CF162B6DEAEC00E0687D /* GourmetAppTests.xctest */;
			productType = "com.apple.product-type.bundle.unit-test";
		};
		8BD7CF1F2B6DEAEC00E0687D /* GourmetAppUITests */ = {
			isa = PBXNativeTarget;
			buildConfigurationList = 8BD7CF302B6DEAEC00E0687D /* Build configuration list for PBXNativeTarget "GourmetAppUITests" */;
			buildPhases = (
				8BD7CF1C2B6DEAEC00E0687D /* Sources */,
				8BD7CF1D2B6DEAEC00E0687D /* Frameworks */,
				8BD7CF1E2B6DEAEC00E0687D /* Resources */,
			);
			buildRules = (
			);
			dependencies = (
				8BD7CF222B6DEAEC00E0687D /* PBXTargetDependency */,
			);
			name = GourmetAppUITests;
			productName = GourmetAppUITests;
			productReference = 8BD7CF202B6DEAEC00E0687D /* GourmetAppUITests.xctest */;
			productType = "com.apple.product-type.bundle.ui-testing";
		};
/* End PBXNativeTarget section */

/* Begin PBXProject section */
		8BD7CEF82B6DEAEB00E0687D /* Project object */ = {
			isa = PBXProject;
			attributes = {
				BuildIndependentTargetsInParallel = 1;
				LastSwiftUpdateCheck = 1520;
				LastUpgradeCheck = 1520;
				TargetAttributes = {
					8BD7CEFF2B6DEAEB00E0687D = {
						CreatedOnToolsVersion = 15.2;
					};
					8BD7CF152B6DEAEC00E0687D = {
						CreatedOnToolsVersion = 15.2;
						TestTargetID = 8BD7CEFF2B6DEAEB00E0687D;
					};
					8BD7CF1F2B6DEAEC00E0687D = {
						CreatedOnToolsVersion = 15.2;
						TestTargetID = 8BD7CEFF2B6DEAEB00E0687D;
					};
				};
			};
			buildConfigurationList = 8BD7CEFB2B6DEAEB00E0687D /* Build configuration list for PBXProject "GourmetApp" */;
			compatibilityVersion = "Xcode 14.0";
			developmentRegion = en;
			hasScannedForEncodings = 0;
			knownRegions = (
				en,
				Base,
			);
			mainGroup = 8BD7CEF72B6DEAEB00E0687D;
			packageReferences = (
			);
			productRefGroup = 8BD7CF012B6DEAEB00E0687D /* Products */;
			projectDirPath = "";
			projectRoot = "";
			targets = (
				8BD7CEFF2B6DEAEB00E0687D /* GourmetApp */,
				8BD7CF152B6DEAEC00E0687D /* GourmetAppTests */,
				8BD7CF1F2B6DEAEC00E0687D /* GourmetAppUITests */,
			);
		};
/* End PBXProject section */

/* Begin PBXResourcesBuildPhase section */
		8BD7CEFE2B6DEAEB00E0687D /* Resources */ = {
			isa = PBXResourcesBuildPhase;
			buildActionMask = 2147483647;
			files = (
				8B570D492B75F6B700560FB7 /* RestaurantDetail.storyboard in Resources */,
				8BD7CF102B6DEAEC00E0687D /* LaunchScreen.storyboard in Resources */,
				8B8F02842B7074EC0066A4C5 /* RecommendCollectionViewCell.xib in Resources */,
				8BD7CF0D2B6DEAEC00E0687D /* Assets.xcassets in Resources */,
				8BCCA7062B7C35CF008EB872 /* GenreCollectionViewCell.xib in Resources */,
				8BD7CF0B2B6DEAEB00E0687D /* Main.storyboard in Resources */,
			);
			runOnlyForDeploymentPostprocessing = 0;
		};
		8BD7CF142B6DEAEC00E0687D /* Resources */ = {
			isa = PBXResourcesBuildPhase;
			buildActionMask = 2147483647;
			files = (
			);
			runOnlyForDeploymentPostprocessing = 0;
		};
		8BD7CF1E2B6DEAEC00E0687D /* Resources */ = {
			isa = PBXResourcesBuildPhase;
			buildActionMask = 2147483647;
			files = (
			);
			runOnlyForDeploymentPostprocessing = 0;
		};
/* End PBXResourcesBuildPhase section */

/* Begin PBXSourcesBuildPhase section */
		8BD7CEFC2B6DEAEB00E0687D /* Sources */ = {
			isa = PBXSourcesBuildPhase;
			buildActionMask = 2147483647;
			files = (
				8BCCA7022B7B7360008EB872 /* SearchResultPresenter.swift in Sources */,
				8BCCA7002B7B732E008EB872 /* SearchViewController.swift in Sources */,
				8B53D0722B70FAD000E84948 /* HomePresenter.swift in Sources */,
				8BD7CF082B6DEAEB00E0687D /* HomeViewController.swift in Sources */,
				8B8271CB2B7EE57500D68B6E /* ShowImage.swift in Sources */,
				8BCCA7052B7C35CF008EB872 /* GenreCollectionViewCell.swift in Sources */,
				8BD7CF042B6DEAEB00E0687D /* AppDelegate.swift in Sources */,
				8BD7CF062B6DEAEB00E0687D /* SceneDelegate.swift in Sources */,
				8B8F02872B7096D70066A4C5 /* APIClient.swift in Sources */,
				8B8F02892B70C3C50066A4C5 /* RestaurantDataModel.swift in Sources */,
				8B53D0742B746E4F00E84948 /* ErrorModel.swift in Sources */,
				8B570D472B75F60C00560FB7 /* RestaurantDetailViewController.swift in Sources */,
				8B8271C62B7E177500D68B6E /* SearchResultViewController.swift in Sources */,
				8B8F02832B7074EC0066A4C5 /* RecommendCollectionViewCell.swift in Sources */,
			);
			runOnlyForDeploymentPostprocessing = 0;
		};
		8BD7CF122B6DEAEC00E0687D /* Sources */ = {
			isa = PBXSourcesBuildPhase;
			buildActionMask = 2147483647;
			files = (
				8BD7CF1B2B6DEAEC00E0687D /* GourmetAppTests.swift in Sources */,
			);
			runOnlyForDeploymentPostprocessing = 0;
		};
		8BD7CF1C2B6DEAEC00E0687D /* Sources */ = {
			isa = PBXSourcesBuildPhase;
			buildActionMask = 2147483647;
			files = (
				8BD7CF272B6DEAEC00E0687D /* GourmetAppUITestsLaunchTests.swift in Sources */,
				8BD7CF252B6DEAEC00E0687D /* GourmetAppUITests.swift in Sources */,
			);
			runOnlyForDeploymentPostprocessing = 0;
		};
/* End PBXSourcesBuildPhase section */

/* Begin PBXTargetDependency section */
		8BD7CF182B6DEAEC00E0687D /* PBXTargetDependency */ = {
			isa = PBXTargetDependency;
			target = 8BD7CEFF2B6DEAEB00E0687D /* GourmetApp */;
			targetProxy = 8BD7CF172B6DEAEC00E0687D /* PBXContainerItemProxy */;
		};
		8BD7CF222B6DEAEC00E0687D /* PBXTargetDependency */ = {
			isa = PBXTargetDependency;
			target = 8BD7CEFF2B6DEAEB00E0687D /* GourmetApp */;
			targetProxy = 8BD7CF212B6DEAEC00E0687D /* PBXContainerItemProxy */;
		};
/* End PBXTargetDependency section */

/* Begin PBXVariantGroup section */
		8BD7CF092B6DEAEB00E0687D /* Main.storyboard */ = {
			isa = PBXVariantGroup;
			children = (
				8BD7CF0A2B6DEAEB00E0687D /* Base */,
			);
			name = Main.storyboard;
			sourceTree = "<group>";
		};
		8BD7CF0E2B6DEAEC00E0687D /* LaunchScreen.storyboard */ = {
			isa = PBXVariantGroup;
			children = (
				8BD7CF0F2B6DEAEC00E0687D /* Base */,
			);
			name = LaunchScreen.storyboard;
			sourceTree = "<group>";
		};
/* End PBXVariantGroup section */

/* Begin XCBuildConfiguration section */
		8BD7CF282B6DEAEC00E0687D /* Debug */ = {
			isa = XCBuildConfiguration;
			buildSettings = {
				ALWAYS_SEARCH_USER_PATHS = NO;
				ASSETCATALOG_COMPILER_GENERATE_SWIFT_ASSET_SYMBOL_EXTENSIONS = YES;
				CLANG_ANALYZER_NONNULL = YES;
				CLANG_ANALYZER_NUMBER_OBJECT_CONVERSION = YES_AGGRESSIVE;
				CLANG_CXX_LANGUAGE_STANDARD = "gnu++20";
				CLANG_ENABLE_MODULES = YES;
				CLANG_ENABLE_OBJC_ARC = YES;
				CLANG_ENABLE_OBJC_WEAK = YES;
				CLANG_WARN_BLOCK_CAPTURE_AUTORELEASING = YES;
				CLANG_WARN_BOOL_CONVERSION = YES;
				CLANG_WARN_COMMA = YES;
				CLANG_WARN_CONSTANT_CONVERSION = YES;
				CLANG_WARN_DEPRECATED_OBJC_IMPLEMENTATIONS = YES;
				CLANG_WARN_DIRECT_OBJC_ISA_USAGE = YES_ERROR;
				CLANG_WARN_DOCUMENTATION_COMMENTS = YES;
				CLANG_WARN_EMPTY_BODY = YES;
				CLANG_WARN_ENUM_CONVERSION = YES;
				CLANG_WARN_INFINITE_RECURSION = YES;
				CLANG_WARN_INT_CONVERSION = YES;
				CLANG_WARN_NON_LITERAL_NULL_CONVERSION = YES;
				CLANG_WARN_OBJC_IMPLICIT_RETAIN_SELF = YES;
				CLANG_WARN_OBJC_LITERAL_CONVERSION = YES;
				CLANG_WARN_OBJC_ROOT_CLASS = YES_ERROR;
				CLANG_WARN_QUOTED_INCLUDE_IN_FRAMEWORK_HEADER = YES;
				CLANG_WARN_RANGE_LOOP_ANALYSIS = YES;
				CLANG_WARN_STRICT_PROTOTYPES = YES;
				CLANG_WARN_SUSPICIOUS_MOVE = YES;
				CLANG_WARN_UNGUARDED_AVAILABILITY = YES_AGGRESSIVE;
				CLANG_WARN_UNREACHABLE_CODE = YES;
				CLANG_WARN__DUPLICATE_METHOD_MATCH = YES;
				COPY_PHASE_STRIP = NO;
				DEBUG_INFORMATION_FORMAT = dwarf;
				ENABLE_STRICT_OBJC_MSGSEND = YES;
				ENABLE_TESTABILITY = YES;
				ENABLE_USER_SCRIPT_SANDBOXING = YES;
				GCC_C_LANGUAGE_STANDARD = gnu17;
				GCC_DYNAMIC_NO_PIC = NO;
				GCC_NO_COMMON_BLOCKS = YES;
				GCC_OPTIMIZATION_LEVEL = 0;
				GCC_PREPROCESSOR_DEFINITIONS = (
					"DEBUG=1",
					"$(inherited)",
				);
				GCC_WARN_64_TO_32_BIT_CONVERSION = YES;
				GCC_WARN_ABOUT_RETURN_TYPE = YES_ERROR;
				GCC_WARN_UNDECLARED_SELECTOR = YES;
				GCC_WARN_UNINITIALIZED_AUTOS = YES_AGGRESSIVE;
				GCC_WARN_UNUSED_FUNCTION = YES;
				GCC_WARN_UNUSED_VARIABLE = YES;
				IPHONEOS_DEPLOYMENT_TARGET = 17.2;
				LOCALIZATION_PREFERS_STRING_CATALOGS = YES;
				MTL_ENABLE_DEBUG_INFO = INCLUDE_SOURCE;
				MTL_FAST_MATH = YES;
				ONLY_ACTIVE_ARCH = YES;
				SDKROOT = iphoneos;
				SWIFT_ACTIVE_COMPILATION_CONDITIONS = "DEBUG $(inherited)";
				SWIFT_OPTIMIZATION_LEVEL = "-Onone";
			};
			name = Debug;
		};
		8BD7CF292B6DEAEC00E0687D /* Release */ = {
			isa = XCBuildConfiguration;
			buildSettings = {
				ALWAYS_SEARCH_USER_PATHS = NO;
				ASSETCATALOG_COMPILER_GENERATE_SWIFT_ASSET_SYMBOL_EXTENSIONS = YES;
				CLANG_ANALYZER_NONNULL = YES;
				CLANG_ANALYZER_NUMBER_OBJECT_CONVERSION = YES_AGGRESSIVE;
				CLANG_CXX_LANGUAGE_STANDARD = "gnu++20";
				CLANG_ENABLE_MODULES = YES;
				CLANG_ENABLE_OBJC_ARC = YES;
				CLANG_ENABLE_OBJC_WEAK = YES;
				CLANG_WARN_BLOCK_CAPTURE_AUTORELEASING = YES;
				CLANG_WARN_BOOL_CONVERSION = YES;
				CLANG_WARN_COMMA = YES;
				CLANG_WARN_CONSTANT_CONVERSION = YES;
				CLANG_WARN_DEPRECATED_OBJC_IMPLEMENTATIONS = YES;
				CLANG_WARN_DIRECT_OBJC_ISA_USAGE = YES_ERROR;
				CLANG_WARN_DOCUMENTATION_COMMENTS = YES;
				CLANG_WARN_EMPTY_BODY = YES;
				CLANG_WARN_ENUM_CONVERSION = YES;
				CLANG_WARN_INFINITE_RECURSION = YES;
				CLANG_WARN_INT_CONVERSION = YES;
				CLANG_WARN_NON_LITERAL_NULL_CONVERSION = YES;
				CLANG_WARN_OBJC_IMPLICIT_RETAIN_SELF = YES;
				CLANG_WARN_OBJC_LITERAL_CONVERSION = YES;
				CLANG_WARN_OBJC_ROOT_CLASS = YES_ERROR;
				CLANG_WARN_QUOTED_INCLUDE_IN_FRAMEWORK_HEADER = YES;
				CLANG_WARN_RANGE_LOOP_ANALYSIS = YES;
				CLANG_WARN_STRICT_PROTOTYPES = YES;
				CLANG_WARN_SUSPICIOUS_MOVE = YES;
				CLANG_WARN_UNGUARDED_AVAILABILITY = YES_AGGRESSIVE;
				CLANG_WARN_UNREACHABLE_CODE = YES;
				CLANG_WARN__DUPLICATE_METHOD_MATCH = YES;
				COPY_PHASE_STRIP = NO;
				DEBUG_INFORMATION_FORMAT = "dwarf-with-dsym";
				ENABLE_NS_ASSERTIONS = NO;
				ENABLE_STRICT_OBJC_MSGSEND = YES;
				ENABLE_USER_SCRIPT_SANDBOXING = YES;
				GCC_C_LANGUAGE_STANDARD = gnu17;
				GCC_NO_COMMON_BLOCKS = YES;
				GCC_WARN_64_TO_32_BIT_CONVERSION = YES;
				GCC_WARN_ABOUT_RETURN_TYPE = YES_ERROR;
				GCC_WARN_UNDECLARED_SELECTOR = YES;
				GCC_WARN_UNINITIALIZED_AUTOS = YES_AGGRESSIVE;
				GCC_WARN_UNUSED_FUNCTION = YES;
				GCC_WARN_UNUSED_VARIABLE = YES;
				IPHONEOS_DEPLOYMENT_TARGET = 17.2;
				LOCALIZATION_PREFERS_STRING_CATALOGS = YES;
				MTL_ENABLE_DEBUG_INFO = NO;
				MTL_FAST_MATH = YES;
				SDKROOT = iphoneos;
				SWIFT_COMPILATION_MODE = wholemodule;
				VALIDATE_PRODUCT = YES;
			};
			name = Release;
		};
		8BD7CF2B2B6DEAEC00E0687D /* Debug */ = {
			isa = XCBuildConfiguration;
			buildSettings = {
				ASSETCATALOG_COMPILER_APPICON_NAME = AppIcon;
				ASSETCATALOG_COMPILER_GLOBAL_ACCENT_COLOR_NAME = AccentColor;
				CODE_SIGN_STYLE = Automatic;
				CURRENT_PROJECT_VERSION = 1;
				DEVELOPMENT_TEAM = RGJJ9A3WD8;
				GENERATE_INFOPLIST_FILE = YES;
				INFOPLIST_FILE = GourmetApp/Info.plist;
				INFOPLIST_KEY_NSLocationWhenInUseUsageDescription = "周囲の店舗情報を取得するために位置情報を使用します";
				INFOPLIST_KEY_UIApplicationSupportsIndirectInputEvents = YES;
				INFOPLIST_KEY_UILaunchStoryboardName = "";
				INFOPLIST_KEY_UIMainStoryboardFile = Main;
				INFOPLIST_KEY_UISupportedInterfaceOrientations_iPad = "UIInterfaceOrientationPortrait UIInterfaceOrientationPortraitUpsideDown UIInterfaceOrientationLandscapeLeft UIInterfaceOrientationLandscapeRight";
				INFOPLIST_KEY_UISupportedInterfaceOrientations_iPhone = "UIInterfaceOrientationPortrait UIInterfaceOrientationLandscapeLeft UIInterfaceOrientationLandscapeRight";
				LD_RUNPATH_SEARCH_PATHS = (
					"$(inherited)",
					"@executable_path/Frameworks",
				);
				MARKETING_VERSION = 1.0;
				PRODUCT_BUNDLE_IDENTIFIER = com.sa.fujii.68.GourmetApp2024;
				PRODUCT_NAME = "$(TARGET_NAME)";
				SWIFT_EMIT_LOC_STRINGS = YES;
				SWIFT_VERSION = 5.0;
				TARGETED_DEVICE_FAMILY = "1,2";
			};
			name = Debug;
		};
		8BD7CF2C2B6DEAEC00E0687D /* Release */ = {
			isa = XCBuildConfiguration;
			buildSettings = {
				ASSETCATALOG_COMPILER_APPICON_NAME = AppIcon;
				ASSETCATALOG_COMPILER_GLOBAL_ACCENT_COLOR_NAME = AccentColor;
				CODE_SIGN_STYLE = Automatic;
				CURRENT_PROJECT_VERSION = 1;
				DEVELOPMENT_TEAM = RGJJ9A3WD8;
				GENERATE_INFOPLIST_FILE = YES;
				INFOPLIST_FILE = GourmetApp/Info.plist;
				INFOPLIST_KEY_NSLocationWhenInUseUsageDescription = "周囲の店舗情報を取得するために位置情報を使用します";
				INFOPLIST_KEY_UIApplicationSupportsIndirectInputEvents = YES;
				INFOPLIST_KEY_UILaunchStoryboardName = "";
				INFOPLIST_KEY_UIMainStoryboardFile = Main;
				INFOPLIST_KEY_UISupportedInterfaceOrientations_iPad = "UIInterfaceOrientationPortrait UIInterfaceOrientationPortraitUpsideDown UIInterfaceOrientationLandscapeLeft UIInterfaceOrientationLandscapeRight";
				INFOPLIST_KEY_UISupportedInterfaceOrientations_iPhone = "UIInterfaceOrientationPortrait UIInterfaceOrientationLandscapeLeft UIInterfaceOrientationLandscapeRight";
				LD_RUNPATH_SEARCH_PATHS = (
					"$(inherited)",
					"@executable_path/Frameworks",
				);
				MARKETING_VERSION = 1.0;
				PRODUCT_BUNDLE_IDENTIFIER = com.sa.fujii.68.GourmetApp2025;
				PRODUCT_NAME = "$(TARGET_NAME)";
				SWIFT_EMIT_LOC_STRINGS = YES;
				SWIFT_VERSION = 5.0;
				TARGETED_DEVICE_FAMILY = "1,2";
			};
			name = Release;
		};
		8BD7CF2E2B6DEAEC00E0687D /* Debug */ = {
			isa = XCBuildConfiguration;
			buildSettings = {
				ALWAYS_EMBED_SWIFT_STANDARD_LIBRARIES = YES;
				BUNDLE_LOADER = "$(TEST_HOST)";
				CODE_SIGN_STYLE = Automatic;
				CURRENT_PROJECT_VERSION = 1;
				GENERATE_INFOPLIST_FILE = YES;
				IPHONEOS_DEPLOYMENT_TARGET = 17.2;
				MARKETING_VERSION = 1.0;
				PRODUCT_BUNDLE_IDENTIFIER = com.sa.fujii.68.GourmetAppTests;
				PRODUCT_NAME = "$(TARGET_NAME)";
				SWIFT_EMIT_LOC_STRINGS = NO;
				SWIFT_VERSION = 5.0;
				TARGETED_DEVICE_FAMILY = "1,2";
				TEST_HOST = "$(BUILT_PRODUCTS_DIR)/GourmetApp.app/$(BUNDLE_EXECUTABLE_FOLDER_PATH)/GourmetApp";
			};
			name = Debug;
		};
		8BD7CF2F2B6DEAEC00E0687D /* Release */ = {
			isa = XCBuildConfiguration;
			buildSettings = {
				ALWAYS_EMBED_SWIFT_STANDARD_LIBRARIES = YES;
				BUNDLE_LOADER = "$(TEST_HOST)";
				CODE_SIGN_STYLE = Automatic;
				CURRENT_PROJECT_VERSION = 1;
				GENERATE_INFOPLIST_FILE = YES;
				IPHONEOS_DEPLOYMENT_TARGET = 17.2;
				MARKETING_VERSION = 1.0;
				PRODUCT_BUNDLE_IDENTIFIER = com.sa.fujii.68.GourmetAppTests;
				PRODUCT_NAME = "$(TARGET_NAME)";
				SWIFT_EMIT_LOC_STRINGS = NO;
				SWIFT_VERSION = 5.0;
				TARGETED_DEVICE_FAMILY = "1,2";
				TEST_HOST = "$(BUILT_PRODUCTS_DIR)/GourmetApp.app/$(BUNDLE_EXECUTABLE_FOLDER_PATH)/GourmetApp";
			};
			name = Release;
		};
		8BD7CF312B6DEAEC00E0687D /* Debug */ = {
			isa = XCBuildConfiguration;
			buildSettings = {
				ALWAYS_EMBED_SWIFT_STANDARD_LIBRARIES = YES;
				CODE_SIGN_STYLE = Automatic;
				CURRENT_PROJECT_VERSION = 1;
				GENERATE_INFOPLIST_FILE = YES;
				MARKETING_VERSION = 1.0;
				PRODUCT_BUNDLE_IDENTIFIER = com.sa.fujii.68.GourmetAppUITests;
				PRODUCT_NAME = "$(TARGET_NAME)";
				SWIFT_EMIT_LOC_STRINGS = NO;
				SWIFT_VERSION = 5.0;
				TARGETED_DEVICE_FAMILY = "1,2";
				TEST_TARGET_NAME = GourmetApp;
			};
			name = Debug;
		};
		8BD7CF322B6DEAEC00E0687D /* Release */ = {
			isa = XCBuildConfiguration;
			buildSettings = {
				ALWAYS_EMBED_SWIFT_STANDARD_LIBRARIES = YES;
				CODE_SIGN_STYLE = Automatic;
				CURRENT_PROJECT_VERSION = 1;
				GENERATE_INFOPLIST_FILE = YES;
				MARKETING_VERSION = 1.0;
				PRODUCT_BUNDLE_IDENTIFIER = com.sa.fujii.68.GourmetAppUITests;
				PRODUCT_NAME = "$(TARGET_NAME)";
				SWIFT_EMIT_LOC_STRINGS = NO;
				SWIFT_VERSION = 5.0;
				TARGETED_DEVICE_FAMILY = "1,2";
				TEST_TARGET_NAME = GourmetApp;
			};
			name = Release;
		};
/* End XCBuildConfiguration section */

/* Begin XCConfigurationList section */
		8BD7CEFB2B6DEAEB00E0687D /* Build configuration list for PBXProject "GourmetApp" */ = {
			isa = XCConfigurationList;
			buildConfigurations = (
				8BD7CF282B6DEAEC00E0687D /* Debug */,
				8BD7CF292B6DEAEC00E0687D /* Release */,
			);
			defaultConfigurationIsVisible = 0;
			defaultConfigurationName = Release;
		};
		8BD7CF2A2B6DEAEC00E0687D /* Build configuration list for PBXNativeTarget "GourmetApp" */ = {
			isa = XCConfigurationList;
			buildConfigurations = (
				8BD7CF2B2B6DEAEC00E0687D /* Debug */,
				8BD7CF2C2B6DEAEC00E0687D /* Release */,
			);
			defaultConfigurationIsVisible = 0;
			defaultConfigurationName = Release;
		};
		8BD7CF2D2B6DEAEC00E0687D /* Build configuration list for PBXNativeTarget "GourmetAppTests" */ = {
			isa = XCConfigurationList;
			buildConfigurations = (
				8BD7CF2E2B6DEAEC00E0687D /* Debug */,
				8BD7CF2F2B6DEAEC00E0687D /* Release */,
			);
			defaultConfigurationIsVisible = 0;
			defaultConfigurationName = Release;
		};
		8BD7CF302B6DEAEC00E0687D /* Build configuration list for PBXNativeTarget "GourmetAppUITests" */ = {
			isa = XCConfigurationList;
			buildConfigurations = (
				8BD7CF312B6DEAEC00E0687D /* Debug */,
				8BD7CF322B6DEAEC00E0687D /* Release */,
			);
			defaultConfigurationIsVisible = 0;
			defaultConfigurationName = Release;
		};
/* End XCConfigurationList section */
	};
	rootObject = 8BD7CEF82B6DEAEB00E0687D /* Project object */;
}
